# THIS IS AN AUTOGENERATED FILE. DO NOT EDIT THIS FILE DIRECTLY.
# yarn lockfile v1


"@nestjs/microservices@^10.4.8":
  version "10.4.8"
  resolved "https://registry.yarnpkg.com/@nestjs/microservices/-/microservices-10.4.8.tgz#e2e9838a8d480c332beada647c91ad992184831f"
  integrity sha512-HAQXQ4hxg1+pva4GeR+on8UYJr8+wL+bs6s9pgUgaGq+Pyg3LTldpfgcmu9l2ZBVB52LxoIQNTZ8eI9/g6lK1A==
  dependencies:
    iterare "1.2.1"
    tslib "2.7.0"

iterare@1.2.1:
  version "1.2.1"
  resolved "https://registry.yarnpkg.com/iterare/-/iterare-1.2.1.tgz#139c400ff7363690e33abffa33cbba8920f00042"
  integrity sha512-RKYVTCjAnRthyJes037NX/IiqeidgN1xc3j1RjFfECFp28A1GVwK9nA+i0rJPaHqSZwygLzRnFlzUuHFoWWy+Q==

tslib@2.7.0:
  version "2.7.0"
  resolved "https://registry.yarnpkg.com/tslib/-/tslib-2.7.0.tgz#d9b40c5c40ab59e8738f297df3087bf1a2690c01"
  integrity sha512-gLXCKdN1/j47AiHiOkJN69hJmcbGTHI0ImLmbYLHykhgeN0jVGola9yVjFgzCUklsZQMW55o+dW7IXv3RCXDzA==
